
Microsoft Visual Studio Solution File, Format Version 12.00
# Visual Studio Version 17
VisualStudioVersion = 17.10.34804.81
MinimumVisualStudioVersion = 10.0.40219.1
Project("{FAE04EC0-301F-11D3-BF4B-00C04F79EFBC}") = "OOP", "Week14\OOP.csproj", "{D0CD42AA-1358-4B0F-B71F-D171E9CAA7C4}"
EndProject
Global
	GlobalSection(SolutionConfigurationPlatforms) = preSolution
		Debug|Any CPU = Debug|Any CPU
		Release|Any CPU = Release|Any CPU
	EndGlobalSection
	GlobalSection(ProjectConfigurationPlatforms) = postSolution
		{D0CD42AA-1358-4B0F-B71F-D171E9CAA7C4}.Debug|Any CPU.ActiveCfg = Debug|Any CPU
		{D0CD42AA-1358-4B0F-B71F-D171E9CAA7C4}.Debug|Any CPU.Build.0 = Debug|Any CPU
		{D0CD42AA-1358-4B0F-B71F-D171E9CAA7C4}.Release|Any CPU.ActiveCfg = Release|Any CPU
		{D0CD42AA-1358-4B0F-B71F-D171E9CAA7C4}.Release|Any CPU.Build.0 = Release|Any CPU
	EndGlobalSection
	GlobalSection(SolutionProperties) = preSolution
		HideSolutionNode = FALSE
	EndGlobalSection
	GlobalSection(ExtensibilityGlobals) = postSolution
		SolutionGuid = {5387563C-3DE6-44A8-AB5D-F13DE49B4203}
	EndGlobalSection
EndGlobal
